
Microsoft Visual Studio Solution File, Format Version 12.00
# Visual Studio Version 17
VisualStudioVersion = 17.0.32112.339
MinimumVisualStudioVersion = 10.0.40219.1
Project("{8BC9CEB8-8B4A-11D0-8D11-00A0C91BC942}") = "ExoWindows_LancementProcessus", "ExoWindows_LancementProcessus\ExoWindows_LancementProcessus.vcxproj", "{3D0F536C-6090-4BEC-A30F-CA7EEDFF0B5C}"
EndProject
Global
	GlobalSection(SolutionConfigurationPlatforms) = preSolution
		Debug|x64 = Debug|x64
		Debug|x86 = Debug|x86
		Release|x64 = Release|x64
		Release|x86 = Release|x86
	EndGlobalSection
	GlobalSection(ProjectConfigurationPlatforms) = postSolution
		{3D0F536C-6090-4BEC-A30F-CA7EEDFF0B5C}.Debug|x64.ActiveCfg = Debug|x64
		{3D0F536C-6090-4BEC-A30F-CA7EEDFF0B5C}.Debug|x64.Build.0 = Debug|x64
		{3D0F536C-6090-4BEC-A30F-CA7EEDFF0B5C}.Debug|x86.ActiveCfg = Debug|Win32
		{3D0F536C-6090-4BEC-A30F-CA7EEDFF0B5C}.Debug|x86.Build.0 = Debug|Win32
		{3D0F536C-6090-4BEC-A30F-CA7EEDFF0B5C}.Release|x64.ActiveCfg = Release|x64
		{3D0F536C-6090-4BEC-A30F-CA7EEDFF0B5C}.Release|x64.Build.0 = Release|x64
		{3D0F536C-6090-4BEC-A30F-CA7EEDFF0B5C}.Release|x86.ActiveCfg = Release|Win32
		{3D0F536C-6090-4BEC-A30F-CA7EEDFF0B5C}.Release|x86.Build.0 = Release|Win32
	EndGlobalSection
	GlobalSection(SolutionProperties) = preSolution
		HideSolutionNode = FALSE
	EndGlobalSection
	GlobalSection(ExtensibilityGlobals) = postSolution
		SolutionGuid = {B156ECFA-7387-437A-B4C5-441D08672E92}
	EndGlobalSection
EndGlobal
